
Microsoft Visual Studio Solution File, Format Version 12.00
# Visual Studio 2013
VisualStudioVersion = 12.0.31101.0
MinimumVisualStudioVersion = 10.0.40219.1
Project("{FAE04EC0-301F-11D3-BF4B-00C04F79EFBC}") = "ExternalUtilsCSharp", "ExternalUtilsCSharp\ExternalUtilsCSharp.csproj", "{E294E4F8-DE32-42C1-8BFD-A3E488EC5820}"
EndProject
<<<<<<< HEAD
=======
Project("{2150E333-8FDC-42A3-9474-1A3956D46DE8}") = "Samples", "Samples", "{20B2DC66-F8DC-495A-8E47-E96FB612E8C1}"
EndProject
Project("{FAE04EC0-301F-11D3-BF4B-00C04F79EFBC}") = "CSGOSample", "CSGOTriggerbot\CSGOSample.csproj", "{0C392DB2-895E-4F2A-B2A0-1D79849FC5B2}"
EndProject
Project("{FAE04EC0-301F-11D3-BF4B-00C04F79EFBC}") = "ClickerHeroes", "ClickerHeroes\ClickerHeroes.csproj", "{42E7D8B0-97A4-4E33-B98B-50EC3E1C0A88}"
EndProject
>>>>>>> aganonki-master
Project("{FAE04EC0-301F-11D3-BF4B-00C04F79EFBC}") = "ExternalUtilsCSharp.SharpDXRenderer", "ExternalUtilsCSharp.SharpDXRenderer\ExternalUtilsCSharp.SharpDXRenderer.csproj", "{C6C9429E-9AAD-4497-B589-A4C58B98EFA5}"
EndProject
Project("{FAE04EC0-301F-11D3-BF4B-00C04F79EFBC}") = "ExternalUtilsCSharp.JSONConfigUtils", "ExternalUtilsCSharp.JSONConfigUtils\ExternalUtilsCSharp.JSONConfigUtils.csproj", "{1E5DD6A0-A8A2-494B-A84E-9170C89A78AA}"
EndProject
<<<<<<< HEAD
Project("{FAE04EC0-301F-11D3-BF4B-00C04F79EFBC}") = "ExternalUtilsCSharp.Injection", "ExternalUtilsCSharp.Injection\ExternalUtilsCSharp.Injection.csproj", "{67F6A795-871C-4B93-8C30-C00B3D6FC9FD}"
=======
Project("{FAE04EC0-301F-11D3-BF4B-00C04F79EFBC}") = "OverlayExample", "OverlayExample\OverlayExample.csproj", "{9BFCEF41-A47E-45DD-8A89-63E096658817}"
>>>>>>> aganonki-master
EndProject
Global
	GlobalSection(SolutionConfigurationPlatforms) = preSolution
		Debug|Any CPU = Debug|Any CPU
		Release|Any CPU = Release|Any CPU
	EndGlobalSection
	GlobalSection(ProjectConfigurationPlatforms) = postSolution
		{E294E4F8-DE32-42C1-8BFD-A3E488EC5820}.Debug|Any CPU.ActiveCfg = Debug|Any CPU
		{E294E4F8-DE32-42C1-8BFD-A3E488EC5820}.Debug|Any CPU.Build.0 = Debug|Any CPU
		{E294E4F8-DE32-42C1-8BFD-A3E488EC5820}.Release|Any CPU.ActiveCfg = Release|Any CPU
		{E294E4F8-DE32-42C1-8BFD-A3E488EC5820}.Release|Any CPU.Build.0 = Release|Any CPU
<<<<<<< HEAD
		{E294E4F8-DE32-42C1-8BFD-A3E488EC5820}.Release|Mixed Platforms.ActiveCfg = Release|Any CPU
		{E294E4F8-DE32-42C1-8BFD-A3E488EC5820}.Release|Mixed Platforms.Build.0 = Release|Any CPU
		{E294E4F8-DE32-42C1-8BFD-A3E488EC5820}.Release|Win32.ActiveCfg = Release|Any CPU
=======
		{0C392DB2-895E-4F2A-B2A0-1D79849FC5B2}.Debug|Any CPU.ActiveCfg = Debug|Any CPU
		{0C392DB2-895E-4F2A-B2A0-1D79849FC5B2}.Debug|Any CPU.Build.0 = Debug|Any CPU
		{0C392DB2-895E-4F2A-B2A0-1D79849FC5B2}.Release|Any CPU.ActiveCfg = Release|Any CPU
		{0C392DB2-895E-4F2A-B2A0-1D79849FC5B2}.Release|Any CPU.Build.0 = Release|Any CPU
		{42E7D8B0-97A4-4E33-B98B-50EC3E1C0A88}.Debug|Any CPU.ActiveCfg = Debug|Any CPU
		{42E7D8B0-97A4-4E33-B98B-50EC3E1C0A88}.Debug|Any CPU.Build.0 = Debug|Any CPU
		{42E7D8B0-97A4-4E33-B98B-50EC3E1C0A88}.Release|Any CPU.ActiveCfg = Release|Any CPU
		{42E7D8B0-97A4-4E33-B98B-50EC3E1C0A88}.Release|Any CPU.Build.0 = Release|Any CPU
>>>>>>> aganonki-master
		{C6C9429E-9AAD-4497-B589-A4C58B98EFA5}.Debug|Any CPU.ActiveCfg = Debug|Any CPU
		{C6C9429E-9AAD-4497-B589-A4C58B98EFA5}.Debug|Any CPU.Build.0 = Debug|Any CPU
		{C6C9429E-9AAD-4497-B589-A4C58B98EFA5}.Release|Any CPU.ActiveCfg = Release|Any CPU
		{C6C9429E-9AAD-4497-B589-A4C58B98EFA5}.Release|Any CPU.Build.0 = Release|Any CPU
<<<<<<< HEAD
		{C6C9429E-9AAD-4497-B589-A4C58B98EFA5}.Release|Mixed Platforms.ActiveCfg = Release|Any CPU
		{C6C9429E-9AAD-4497-B589-A4C58B98EFA5}.Release|Mixed Platforms.Build.0 = Release|Any CPU
		{C6C9429E-9AAD-4497-B589-A4C58B98EFA5}.Release|Win32.ActiveCfg = Release|Any CPU
=======
		{AC44A559-744A-4813-BA9B-63008B01355C}.Debug|Any CPU.ActiveCfg = Debug|Any CPU
		{AC44A559-744A-4813-BA9B-63008B01355C}.Debug|Any CPU.Build.0 = Debug|Any CPU
		{AC44A559-744A-4813-BA9B-63008B01355C}.Release|Any CPU.ActiveCfg = Release|Any CPU
		{AC44A559-744A-4813-BA9B-63008B01355C}.Release|Any CPU.Build.0 = Release|Any CPU
>>>>>>> aganonki-master
		{1E5DD6A0-A8A2-494B-A84E-9170C89A78AA}.Debug|Any CPU.ActiveCfg = Debug|Any CPU
		{1E5DD6A0-A8A2-494B-A84E-9170C89A78AA}.Debug|Any CPU.Build.0 = Debug|Any CPU
		{1E5DD6A0-A8A2-494B-A84E-9170C89A78AA}.Release|Any CPU.ActiveCfg = Release|Any CPU
		{1E5DD6A0-A8A2-494B-A84E-9170C89A78AA}.Release|Any CPU.Build.0 = Release|Any CPU
<<<<<<< HEAD
		{1E5DD6A0-A8A2-494B-A84E-9170C89A78AA}.Release|Mixed Platforms.ActiveCfg = Release|Any CPU
		{1E5DD6A0-A8A2-494B-A84E-9170C89A78AA}.Release|Mixed Platforms.Build.0 = Release|Any CPU
		{1E5DD6A0-A8A2-494B-A84E-9170C89A78AA}.Release|Win32.ActiveCfg = Release|Any CPU
		{67F6A795-871C-4B93-8C30-C00B3D6FC9FD}.Debug|Any CPU.ActiveCfg = Debug|Any CPU
		{67F6A795-871C-4B93-8C30-C00B3D6FC9FD}.Debug|Any CPU.Build.0 = Debug|Any CPU
		{67F6A795-871C-4B93-8C30-C00B3D6FC9FD}.Debug|Mixed Platforms.ActiveCfg = Debug|Any CPU
		{67F6A795-871C-4B93-8C30-C00B3D6FC9FD}.Debug|Mixed Platforms.Build.0 = Debug|Any CPU
		{67F6A795-871C-4B93-8C30-C00B3D6FC9FD}.Debug|Win32.ActiveCfg = Debug|Any CPU
		{67F6A795-871C-4B93-8C30-C00B3D6FC9FD}.Release|Any CPU.ActiveCfg = Release|Any CPU
		{67F6A795-871C-4B93-8C30-C00B3D6FC9FD}.Release|Any CPU.Build.0 = Release|Any CPU
		{67F6A795-871C-4B93-8C30-C00B3D6FC9FD}.Release|Mixed Platforms.ActiveCfg = Release|Any CPU
		{67F6A795-871C-4B93-8C30-C00B3D6FC9FD}.Release|Mixed Platforms.Build.0 = Release|Any CPU
		{67F6A795-871C-4B93-8C30-C00B3D6FC9FD}.Release|Win32.ActiveCfg = Release|Any CPU
=======
		{9BFCEF41-A47E-45DD-8A89-63E096658817}.Debug|Any CPU.ActiveCfg = Debug|Any CPU
		{9BFCEF41-A47E-45DD-8A89-63E096658817}.Debug|Any CPU.Build.0 = Debug|Any CPU
		{9BFCEF41-A47E-45DD-8A89-63E096658817}.Release|Any CPU.ActiveCfg = Release|Any CPU
		{9BFCEF41-A47E-45DD-8A89-63E096658817}.Release|Any CPU.Build.0 = Release|Any CPU
>>>>>>> aganonki-master
	EndGlobalSection
	GlobalSection(SolutionProperties) = preSolution
		HideSolutionNode = FALSE
	EndGlobalSection
<<<<<<< HEAD
=======
	GlobalSection(NestedProjects) = preSolution
		{0C392DB2-895E-4F2A-B2A0-1D79849FC5B2} = {20B2DC66-F8DC-495A-8E47-E96FB612E8C1}
		{42E7D8B0-97A4-4E33-B98B-50EC3E1C0A88} = {20B2DC66-F8DC-495A-8E47-E96FB612E8C1}
		{AC44A559-744A-4813-BA9B-63008B01355C} = {20B2DC66-F8DC-495A-8E47-E96FB612E8C1}
		{9BFCEF41-A47E-45DD-8A89-63E096658817} = {20B2DC66-F8DC-495A-8E47-E96FB612E8C1}
	EndGlobalSection
>>>>>>> aganonki-master
EndGlobal
